dependencies:
- name: onos-e2t
  repository: file://../onos-e2t
  version: 1.5.3
- name: onos-a1t
  repository: file://../onos-a1t
  version: 0.2.3
- name: onos-o1t
  repository: file://../onos-o1t
  version: 0.3.4
- name: onos-topo
  repository: https://charts.onosproject.org
  version: 1.5.1
- name: onos-uenib
  repository: file://../onos-uenib
  version: 1.4.1
- name: onos-config
  repository: https://charts.onosproject.org
  version: 1.8.12
- name: onos-gui
  repository: https://charts.onosproject.org
  version: 1.0.7
- name: ran-simulator
  repository: file://../ran-simulator
  version: 1.4.17
- name: onos-cli
  repository: https://charts.onosproject.org
  version: 1.3.16
- name: onos-kpimon
  repository: file://../onos-kpimon
  version: 0.9.9
- name: onos-pci
  repository: file://../onos-pci
  version: 0.9.11
- name: onos-mho
  repository: file://../onos-mho
  version: 0.3.8
- name: onos-rsm
  repository: file://../onos-rsm
  version: 0.2.6
- name: onos-mlb
  repository: file://../onos-mlb
  version: 0.3.6
- name: rimedo-ts
  repository: file://../rimedo-ts
  version: 0.1.1
- name: onos-exporter
  repository: file://../onos-exporter
  version: 0.5.1
digest: sha256:f710b55f9a6ff036b980ec7729bfd76c250d6f2feb992c80640a0d653cab2875
generated: "2023-12-20T11:34:40.821277699-05:00"
